
Microsoft Visual Studio Solution File, Format Version 12.00
# Visual Studio 2013
VisualStudioVersion = 12.0.31101.0
MinimumVisualStudioVersion = 10.0.40219.1
Project("{FAE04EC0-301F-11D3-BF4B-00C04F79EFBC}") = "SmartDownloaderSample", "SmartDownloaderSample.csproj", "{A363FBD2-7D5F-499A-B85D-A1044EFD133E}"
EndProject
Project("{FAE04EC0-301F-11D3-BF4B-00C04F79EFBC}") = "SmartDownloader", "..\SmartDownloader\SmartDownloader.csproj", "{EFF48D6B-6BBA-421C-9B93-A3F8320A4E7D}"
EndProject
Global
	GlobalSection(SolutionConfigurationPlatforms) = preSolution
		Debug|Any CPU = Debug|Any CPU
		Release|Any CPU = Release|Any CPU
	EndGlobalSection
	GlobalSection(ProjectConfigurationPlatforms) = postSolution
		{A363FBD2-7D5F-499A-B85D-A1044EFD133E}.Debug|Any CPU.ActiveCfg = Debug|Any CPU
		{A363FBD2-7D5F-499A-B85D-A1044EFD133E}.Debug|Any CPU.Build.0 = Debug|Any CPU
		{A363FBD2-7D5F-499A-B85D-A1044EFD133E}.Debug|Any CPU.Deploy.0 = Debug|Any CPU
		{A363FBD2-7D5F-499A-B85D-A1044EFD133E}.Release|Any CPU.ActiveCfg = Release|Any CPU
		{A363FBD2-7D5F-499A-B85D-A1044EFD133E}.Release|Any CPU.Build.0 = Release|Any CPU
		{A363FBD2-7D5F-499A-B85D-A1044EFD133E}.Release|Any CPU.Deploy.0 = Release|Any CPU
		{EFF48D6B-6BBA-421C-9B93-A3F8320A4E7D}.Debug|Any CPU.ActiveCfg = Debug|Any CPU
		{EFF48D6B-6BBA-421C-9B93-A3F8320A4E7D}.Debug|Any CPU.Build.0 = Debug|Any CPU
		{EFF48D6B-6BBA-421C-9B93-A3F8320A4E7D}.Release|Any CPU.ActiveCfg = Release|Any CPU
		{EFF48D6B-6BBA-421C-9B93-A3F8320A4E7D}.Release|Any CPU.Build.0 = Release|Any CPU
	EndGlobalSection
	GlobalSection(SolutionProperties) = preSolution
		HideSolutionNode = FALSE
	EndGlobalSection
EndGlobal
